// !$*UTF8*$!
{
	archiveVersion = 1;
	classes = {
	};
	objectVersion = 46;
	objects = {

/* Begin PBXBuildFile section */
		47061BFD1B393D7100714EC3 /* seats_counter_guest@2x.png in Resources */ = {isa = PBXBuildFile; fileRef = 47061BF91B393D7100714EC3 /* seats_counter_guest@2x.png */; };
		47061BFE1B393D7100714EC3 /* seats_counter_vacant@2x.png in Resources */ = {isa = PBXBuildFile; fileRef = 47061BFA1B393D7100714EC3 /* seats_counter_vacant@2x.png */; };
		47061BFF1B393D7100714EC3 /* seats_sofa_guest@2x.png in Resources */ = {isa = PBXBuildFile; fileRef = 47061BFB1B393D7100714EC3 /* seats_sofa_guest@2x.png */; };
		47061C001B393D7100714EC3 /* seats_sofa_vacant@2x.png in Resources */ = {isa = PBXBuildFile; fileRef = 47061BFC1B393D7100714EC3 /* seats_sofa_vacant@2x.png */; };
		47061C071B3957E700714EC3 /* seats_counter@2x.png in Resources */ = {isa = PBXBuildFile; fileRef = 47061C051B3957E700714EC3 /* seats_counter@2x.png */; };
		47061C081B3957E700714EC3 /* seats_counter@3x.png in Resources */ = {isa = PBXBuildFile; fileRef = 47061C061B3957E700714EC3 /* seats_counter@3x.png */; };
		47061C0B1B39582A00714EC3 /* seats_bg@2x.png in Resources */ = {isa = PBXBuildFile; fileRef = 47061C091B39582A00714EC3 /* seats_bg@2x.png */; };
		47061C0C1B39582A00714EC3 /* seats_bg@3x.png in Resources */ = {isa = PBXBuildFile; fileRef = 47061C0A1B39582A00714EC3 /* seats_bg@3x.png */; };
		470B31C61B32AAA30079E9C1 /* top_information@2x.png in Resources */ = {isa = PBXBuildFile; fileRef = 470B31C41B32AAA30079E9C1 /* top_information@2x.png */; };
		470B31C71B32AAA30079E9C1 /* top_information@3x.png in Resources */ = {isa = PBXBuildFile; fileRef = 470B31C51B32AAA30079E9C1 /* top_information@3x.png */; };
		470B31C91B32B0CA0079E9C1 /* top-kari.png in Resources */ = {isa = PBXBuildFile; fileRef = 470B31C81B32B0CA0079E9C1 /* top-kari.png */; };
		470B31CC1B32CCD60079E9C1 /* CouponTableViewCell.swift in Sources */ = {isa = PBXBuildFile; fileRef = 470B31CA1B32CCD50079E9C1 /* CouponTableViewCell.swift */; };
		470B31CD1B32CCD60079E9C1 /* CouponTableViewCell.xib in Resources */ = {isa = PBXBuildFile; fileRef = 470B31CB1B32CCD60079E9C1 /* CouponTableViewCell.xib */; };
		474C23901B369FEA00D8628F /* splash_bg@2x.png in Resources */ = {isa = PBXBuildFile; fileRef = 474C238E1B369FEA00D8628F /* splash_bg@2x.png */; };
		474C23911B369FEA00D8628F /* splash_bg@3x.png in Resources */ = {isa = PBXBuildFile; fileRef = 474C238F1B369FEA00D8628F /* splash_bg@3x.png */; };
		474C23941B36A01B00D8628F /* top_bg2@2x.png in Resources */ = {isa = PBXBuildFile; fileRef = 474C23921B36A01B00D8628F /* top_bg2@2x.png */; };
		474C23951B36A01B00D8628F /* top_bg2@3x.png in Resources */ = {isa = PBXBuildFile; fileRef = 474C23931B36A01B00D8628F /* top_bg2@3x.png */; };
		474C239C1B36AB8900D8628F /* seats_table_guest@2x.png in Resources */ = {isa = PBXBuildFile; fileRef = 474C239A1B36AB8900D8628F /* seats_table_guest@2x.png */; };
		474C239D1B36AB8900D8628F /* seats_table_vacant@2x.png in Resources */ = {isa = PBXBuildFile; fileRef = 474C239B1B36AB8900D8628F /* seats_table_vacant@2x.png */; };
		47619A841B3D6C2C009F32B1 /* CouponEditViewController.swift in Sources */ = {isa = PBXBuildFile; fileRef = 47619A831B3D6C2C009F32B1 /* CouponEditViewController.swift */; };
		47737A401B2973D300F56C65 /* AppDelegate.swift in Sources */ = {isa = PBXBuildFile; fileRef = 47737A3F1B2973D300F56C65 /* AppDelegate.swift */; };
		47737A471B2973D300F56C65 /* Main.storyboard in Resources */ = {isa = PBXBuildFile; fileRef = 47737A451B2973D300F56C65 /* Main.storyboard */; };
		47737A4C1B2973D300F56C65 /* LaunchScreen.xib in Resources */ = {isa = PBXBuildFile; fileRef = 47737A4A1B2973D300F56C65 /* LaunchScreen.xib */; };
		47737A581B2973D300F56C65 /* notteAppTests.swift in Sources */ = {isa = PBXBuildFile; fileRef = 47737A571B2973D300F56C65 /* notteAppTests.swift */; };
		47737A6F1B2973E500F56C65 /* RAMBounceAnimation.swift in Sources */ = {isa = PBXBuildFile; fileRef = 47737A641B2973E500F56C65 /* RAMBounceAnimation.swift */; };
		47737A701B2973E500F56C65 /* RAMFrameItemAnimation.swift in Sources */ = {isa = PBXBuildFile; fileRef = 47737A661B2973E500F56C65 /* RAMFrameItemAnimation.swift */; };
		47737A711B2973E500F56C65 /* RAMFumeAnimation.swift in Sources */ = {isa = PBXBuildFile; fileRef = 47737A681B2973E500F56C65 /* RAMFumeAnimation.swift */; };
		47737A721B2973E500F56C65 /* RAMRotationAnimation.swift in Sources */ = {isa = PBXBuildFile; fileRef = 47737A6A1B2973E500F56C65 /* RAMRotationAnimation.swift */; };
		47737A731B2973E500F56C65 /* RAMTransitionItemAnimation.swift in Sources */ = {isa = PBXBuildFile; fileRef = 47737A6C1B2973E500F56C65 /* RAMTransitionItemAnimation.swift */; };
		47737A741B2973E500F56C65 /* RAMAnimatedTabBarController.swift in Sources */ = {isa = PBXBuildFile; fileRef = 47737A6D1B2973E500F56C65 /* RAMAnimatedTabBarController.swift */; };
		47737A751B2973E500F56C65 /* RAMItemAnimationProtocol.swift in Sources */ = {isa = PBXBuildFile; fileRef = 47737A6E1B2973E500F56C65 /* RAMItemAnimationProtocol.swift */; };
		47737A771B29740700F56C65 /* TopViewController.swift in Sources */ = {isa = PBXBuildFile; fileRef = 47737A761B29740700F56C65 /* TopViewController.swift */; };
		47737A791B29741800F56C65 /* VacantSeatViewController.swift in Sources */ = {isa = PBXBuildFile; fileRef = 47737A781B29741800F56C65 /* VacantSeatViewController.swift */; };
		47737A7B1B29743400F56C65 /* CouponViewController.swift in Sources */ = {isa = PBXBuildFile; fileRef = 47737A7A1B29743400F56C65 /* CouponViewController.swift */; };
		47737A7D1B29747800F56C65 /* OriginalNavigationController.swift in Sources */ = {isa = PBXBuildFile; fileRef = 47737A7C1B29747800F56C65 /* OriginalNavigationController.swift */; };
		47737A811B29822700F56C65 /* Bolts.framework in Frameworks */ = {isa = PBXBuildFile; fileRef = 47737A7E1B29822700F56C65 /* Bolts.framework */; };
		47737A821B29822700F56C65 /* Parse.framework in Frameworks */ = {isa = PBXBuildFile; fileRef = 47737A7F1B29822700F56C65 /* Parse.framework */; };
		47737A831B29822700F56C65 /* ParseUI.framework in Frameworks */ = {isa = PBXBuildFile; fileRef = 47737A801B29822700F56C65 /* ParseUI.framework */; };
		47737A851B29825000F56C65 /* AudioToolbox.framework in Frameworks */ = {isa = PBXBuildFile; fileRef = 47737A841B29825000F56C65 /* AudioToolbox.framework */; };
		47737A871B29825800F56C65 /* CFNetwork.framework in Frameworks */ = {isa = PBXBuildFile; fileRef = 47737A861B29825800F56C65 /* CFNetwork.framework */; };
		47737A891B29825F00F56C65 /* CoreGraphics.framework in Frameworks */ = {isa = PBXBuildFile; fileRef = 47737A881B29825F00F56C65 /* CoreGraphics.framework */; };
		47737A8B1B29826600F56C65 /* CoreLocation.framework in Frameworks */ = {isa = PBXBuildFile; fileRef = 47737A8A1B29826500F56C65 /* CoreLocation.framework */; };
		47737A8D1B29826E00F56C65 /* MobileCoreServices.framework in Frameworks */ = {isa = PBXBuildFile; fileRef = 47737A8C1B29826E00F56C65 /* MobileCoreServices.framework */; };
		47737A8F1B29827500F56C65 /* QuartzCore.framework in Frameworks */ = {isa = PBXBuildFile; fileRef = 47737A8E1B29827500F56C65 /* QuartzCore.framework */; };
		47737A911B29827D00F56C65 /* Security.framework in Frameworks */ = {isa = PBXBuildFile; fileRef = 47737A901B29827D00F56C65 /* Security.framework */; };
		47737A931B29828500F56C65 /* StoreKit.framework in Frameworks */ = {isa = PBXBuildFile; fileRef = 47737A921B29828500F56C65 /* StoreKit.framework */; };
		47737A951B29828C00F56C65 /* SystemConfiguration.framework in Frameworks */ = {isa = PBXBuildFile; fileRef = 47737A941B29828C00F56C65 /* SystemConfiguration.framework */; };
		47737A971B29829300F56C65 /* libz.dylib in Frameworks */ = {isa = PBXBuildFile; fileRef = 47737A961B29829300F56C65 /* libz.dylib */; };
		47737A991B29829E00F56C65 /* libsqlite3.dylib in Frameworks */ = {isa = PBXBuildFile; fileRef = 47737A981B29829E00F56C65 /* libsqlite3.dylib */; };
		47737A9B1B2982A600F56C65 /* Accounts.framework in Frameworks */ = {isa = PBXBuildFile; fileRef = 47737A9A1B2982A600F56C65 /* Accounts.framework */; };
		47737A9D1B2982AD00F56C65 /* Social.framework in Frameworks */ = {isa = PBXBuildFile; fileRef = 47737A9C1B2982AD00F56C65 /* Social.framework */; };
		477576C31B3551F8007FB26F /* Images.xcassets in Resources */ = {isa = PBXBuildFile; fileRef = 477576C21B3551F8007FB26F /* Images.xcassets */; };
		4787C1D21B2EE0AE00F8A9B1 /* tabicon_white_coupon@2x.png in Resources */ = {isa = PBXBuildFile; fileRef = 4787C1D01B2EE0AE00F8A9B1 /* tabicon_white_coupon@2x.png */; };
		4787C1D31B2EE0AE00F8A9B1 /* tabicon_white_coupon@3x.png in Resources */ = {isa = PBXBuildFile; fileRef = 4787C1D11B2EE0AE00F8A9B1 /* tabicon_white_coupon@3x.png */; };
		4787C1D61B2EE0B700F8A9B1 /* tabicon_white_seats@2x.png in Resources */ = {isa = PBXBuildFile; fileRef = 4787C1D41B2EE0B700F8A9B1 /* tabicon_white_seats@2x.png */; };
		4787C1D71B2EE0B700F8A9B1 /* tabicon_white_seats@3x.png in Resources */ = {isa = PBXBuildFile; fileRef = 4787C1D51B2EE0B700F8A9B1 /* tabicon_white_seats@3x.png */; };
		4787C1DA1B2EE0C100F8A9B1 /* tabicon_white_top@2x.png in Resources */ = {isa = PBXBuildFile; fileRef = 4787C1D81B2EE0C100F8A9B1 /* tabicon_white_top@2x.png */; };
		4787C1DB1B2EE0C100F8A9B1 /* tabicon_white_top@3x.png in Resources */ = {isa = PBXBuildFile; fileRef = 4787C1D91B2EE0C100F8A9B1 /* tabicon_white_top@3x.png */; };
		4787C1DD1B2EFBC200F8A9B1 /* TopEditViewController.swift in Sources */ = {isa = PBXBuildFile; fileRef = 4787C1DC1B2EFBC200F8A9B1 /* TopEditViewController.swift */; };
		4787C1DF1B2EFBD400F8A9B1 /* SeatsEditViewController.swift in Sources */ = {isa = PBXBuildFile; fileRef = 4787C1DE1B2EFBD400F8A9B1 /* SeatsEditViewController.swift */; };
		4787C1E11B2F095B00F8A9B1 /* InfoTableViewCell.swift in Sources */ = {isa = PBXBuildFile; fileRef = 4787C1E01B2F095B00F8A9B1 /* InfoTableViewCell.swift */; };
		4787C1E31B2F14C600F8A9B1 /* DetaiViewController.swift in Sources */ = {isa = PBXBuildFile; fileRef = 4787C1E21B2F14C600F8A9B1 /* DetaiViewController.swift */; };
		47D8749D1B35C310002B1D24 /* admin_bg@2x.png in Resources */ = {isa = PBXBuildFile; fileRef = 47D8749B1B35C310002B1D24 /* admin_bg@2x.png */; };
		47D8749E1B35C310002B1D24 /* admin_bg@3x.png in Resources */ = {isa = PBXBuildFile; fileRef = 47D8749C1B35C310002B1D24 /* admin_bg@3x.png */; };
		47D874A11B35C3F7002B1D24 /* navicon_white_top@2x.png in Resources */ = {isa = PBXBuildFile; fileRef = 47D8749F1B35C3F7002B1D24 /* navicon_white_top@2x.png */; };
		47D874A21B35C3F7002B1D24 /* navicon_white_top@3x.png in Resources */ = {isa = PBXBuildFile; fileRef = 47D874A01B35C3F7002B1D24 /* navicon_white_top@3x.png */; };
		47D874A51B35C400002B1D24 /* navicon_white_seats@2x.png in Resources */ = {isa = PBXBuildFile; fileRef = 47D874A31B35C400002B1D24 /* navicon_white_seats@2x.png */; };
		47D874A61B35C400002B1D24 /* navicon_white_seats@3x.png in Resources */ = {isa = PBXBuildFile; fileRef = 47D874A41B35C400002B1D24 /* navicon_white_seats@3x.png */; };
		47D874A91B35C40D002B1D24 /* navicon_white_reload@2x.png in Resources */ = {isa = PBXBuildFile; fileRef = 47D874A71B35C40D002B1D24 /* navicon_white_reload@2x.png */; };
		47D874AA1B35C40D002B1D24 /* navicon_white_reload@3x.png in Resources */ = {isa = PBXBuildFile; fileRef = 47D874A81B35C40D002B1D24 /* navicon_white_reload@3x.png */; };
		47D874AD1B35C41B002B1D24 /* navicon_white_logo@2x.png in Resources */ = {isa = PBXBuildFile; fileRef = 47D874AB1B35C41B002B1D24 /* navicon_white_logo@2x.png */; };
		47D874AE1B35C41B002B1D24 /* navicon_white_logo@3x.png in Resources */ = {isa = PBXBuildFile; fileRef = 47D874AC1B35C41B002B1D24 /* navicon_white_logo@3x.png */; };
		47D874B11B35C444002B1D24 /* navicon_white_coupon@2x.png in Resources */ = {isa = PBXBuildFile; fileRef = 47D874AF1B35C444002B1D24 /* navicon_white_coupon@2x.png */; };
		47D874B21B35C444002B1D24 /* navicon_white_coupon@3x.png in Resources */ = {isa = PBXBuildFile; fileRef = 47D874B01B35C444002B1D24 /* navicon_white_coupon@3x.png */; };
		47D874B51B35C476002B1D24 /* top_information2@2x.png in Resources */ = {isa = PBXBuildFile; fileRef = 47D874B31B35C476002B1D24 /* top_information2@2x.png */; };
		47D874B61B35C476002B1D24 /* top_information2@3x.png in Resources */ = {isa = PBXBuildFile; fileRef = 47D874B41B35C476002B1D24 /* top_information2@3x.png */; };
		47D874B91B35CD84002B1D24 /* top_information3@2x.png in Resources */ = {isa = PBXBuildFile; fileRef = 47D874B71B35CD84002B1D24 /* top_information3@2x.png */; };
		47D874BA1B35CD84002B1D24 /* top_information3@3x.png in Resources */ = {isa = PBXBuildFile; fileRef = 47D874B81B35CD84002B1D24 /* top_information3@3x.png */; };
		47FC68E31B3E9F590011737B /* CouponTableViewController.swift in Sources */ = {isa = PBXBuildFile; fileRef = 47FC68E11B3E9F590011737B /* CouponTableViewController.swift */; };
		47FC68E41B3E9F590011737B /* CouponTableViewController.xib in Resources */ = {isa = PBXBuildFile; fileRef = 47FC68E21B3E9F590011737B /* CouponTableViewController.xib */; };
/* End PBXBuildFile section */

/* Begin PBXContainerItemProxy section */
		47737A521B2973D300F56C65 /* PBXContainerItemProxy */ = {
			isa = PBXContainerItemProxy;
			containerPortal = 47737A321B2973D300F56C65 /* Project object */;
			proxyType = 1;
			remoteGlobalIDString = 47737A391B2973D300F56C65;
			remoteInfo = notteApp;
		};
/* End PBXContainerItemProxy section */

/* Begin PBXFileReference section */
		47061BF91B393D7100714EC3 /* seats_counter_guest@2x.png */ = {isa = PBXFileReference; lastKnownFileType = image.png; path = "seats_counter_guest@2x.png"; sourceTree = "<group>"; };
		47061BFA1B393D7100714EC3 /* seats_counter_vacant@2x.png */ = {isa = PBXFileReference; lastKnownFileType = image.png; path = "seats_counter_vacant@2x.png"; sourceTree = "<group>"; };
		47061BFB1B393D7100714EC3 /* seats_sofa_guest@2x.png */ = {isa = PBXFileReference; lastKnownFileType = image.png; path = "seats_sofa_guest@2x.png"; sourceTree = "<group>"; };
		47061BFC1B393D7100714EC3 /* seats_sofa_vacant@2x.png */ = {isa = PBXFileReference; lastKnownFileType = image.png; path = "seats_sofa_vacant@2x.png"; sourceTree = "<group>"; };
		47061C051B3957E700714EC3 /* seats_counter@2x.png */ = {isa = PBXFileReference; lastKnownFileType = image.png; path = "seats_counter@2x.png"; sourceTree = "<group>"; };
		47061C061B3957E700714EC3 /* seats_counter@3x.png */ = {isa = PBXFileReference; lastKnownFileType = image.png; path = "seats_counter@3x.png"; sourceTree = "<group>"; };
		47061C091B39582A00714EC3 /* seats_bg@2x.png */ = {isa = PBXFileReference; lastKnownFileType = image.png; path = "seats_bg@2x.png"; sourceTree = "<group>"; };
		47061C0A1B39582A00714EC3 /* seats_bg@3x.png */ = {isa = PBXFileReference; lastKnownFileType = image.png; path = "seats_bg@3x.png"; sourceTree = "<group>"; };
		470B31C41B32AAA30079E9C1 /* top_information@2x.png */ = {isa = PBXFileReference; lastKnownFileType = image.png; path = "top_information@2x.png"; sourceTree = "<group>"; };
		470B31C51B32AAA30079E9C1 /* top_information@3x.png */ = {isa = PBXFileReference; lastKnownFileType = image.png; path = "top_information@3x.png"; sourceTree = "<group>"; };
		470B31C81B32B0CA0079E9C1 /* top-kari.png */ = {isa = PBXFileReference; lastKnownFileType = image.png; path = "top-kari.png"; sourceTree = "<group>"; };
		470B31CA1B32CCD50079E9C1 /* CouponTableViewCell.swift */ = {isa = PBXFileReference; fileEncoding = 4; lastKnownFileType = sourcecode.swift; path = CouponTableViewCell.swift; sourceTree = "<group>"; };
		470B31CB1B32CCD60079E9C1 /* CouponTableViewCell.xib */ = {isa = PBXFileReference; fileEncoding = 4; lastKnownFileType = file.xib; path = CouponTableViewCell.xib; sourceTree = "<group>"; };
		474C238E1B369FEA00D8628F /* splash_bg@2x.png */ = {isa = PBXFileReference; lastKnownFileType = image.png; path = "splash_bg@2x.png"; sourceTree = "<group>"; };
		474C238F1B369FEA00D8628F /* splash_bg@3x.png */ = {isa = PBXFileReference; lastKnownFileType = image.png; path = "splash_bg@3x.png"; sourceTree = "<group>"; };
		474C23921B36A01B00D8628F /* top_bg2@2x.png */ = {isa = PBXFileReference; lastKnownFileType = image.png; path = "top_bg2@2x.png"; sourceTree = "<group>"; };
		474C23931B36A01B00D8628F /* top_bg2@3x.png */ = {isa = PBXFileReference; lastKnownFileType = image.png; path = "top_bg2@3x.png"; sourceTree = "<group>"; };
		474C239A1B36AB8900D8628F /* seats_table_guest@2x.png */ = {isa = PBXFileReference; lastKnownFileType = image.png; path = "seats_table_guest@2x.png"; sourceTree = "<group>"; };
		474C239B1B36AB8900D8628F /* seats_table_vacant@2x.png */ = {isa = PBXFileReference; lastKnownFileType = image.png; path = "seats_table_vacant@2x.png"; sourceTree = "<group>"; };
		47619A831B3D6C2C009F32B1 /* CouponEditViewController.swift */ = {isa = PBXFileReference; fileEncoding = 4; lastKnownFileType = sourcecode.swift; path = CouponEditViewController.swift; sourceTree = "<group>"; };
		47737A3A1B2973D300F56C65 /* notteApp.app */ = {isa = PBXFileReference; explicitFileType = wrapper.application; includeInIndex = 0; path = notteApp.app; sourceTree = BUILT_PRODUCTS_DIR; };
		47737A3E1B2973D300F56C65 /* Info.plist */ = {isa = PBXFileReference; lastKnownFileType = text.plist.xml; path = Info.plist; sourceTree = "<group>"; };
		47737A3F1B2973D300F56C65 /* AppDelegate.swift */ = {isa = PBXFileReference; lastKnownFileType = sourcecode.swift; path = AppDelegate.swift; sourceTree = "<group>"; };
		47737A461B2973D300F56C65 /* Base */ = {isa = PBXFileReference; lastKnownFileType = file.storyboard; name = Base; path = Base.lproj/Main.storyboard; sourceTree = "<group>"; };
		47737A4B1B2973D300F56C65 /* Base */ = {isa = PBXFileReference; lastKnownFileType = file.xib; name = Base; path = Base.lproj/LaunchScreen.xib; sourceTree = "<group>"; };
		47737A511B2973D300F56C65 /* notteAppTests.xctest */ = {isa = PBXFileReference; explicitFileType = wrapper.cfbundle; includeInIndex = 0; path = notteAppTests.xctest; sourceTree = BUILT_PRODUCTS_DIR; };
		47737A561B2973D300F56C65 /* Info.plist */ = {isa = PBXFileReference; lastKnownFileType = text.plist.xml; path = Info.plist; sourceTree = "<group>"; };
		47737A571B2973D300F56C65 /* notteAppTests.swift */ = {isa = PBXFileReference; lastKnownFileType = sourcecode.swift; path = notteAppTests.swift; sourceTree = "<group>"; };
		47737A641B2973E500F56C65 /* RAMBounceAnimation.swift */ = {isa = PBXFileReference; fileEncoding = 4; lastKnownFileType = sourcecode.swift; path = RAMBounceAnimation.swift; sourceTree = "<group>"; };
		47737A661B2973E500F56C65 /* RAMFrameItemAnimation.swift */ = {isa = PBXFileReference; fileEncoding = 4; lastKnownFileType = sourcecode.swift; path = RAMFrameItemAnimation.swift; sourceTree = "<group>"; };
		47737A681B2973E500F56C65 /* RAMFumeAnimation.swift */ = {isa = PBXFileReference; fileEncoding = 4; lastKnownFileType = sourcecode.swift; path = RAMFumeAnimation.swift; sourceTree = "<group>"; };
		47737A6A1B2973E500F56C65 /* RAMRotationAnimation.swift */ = {isa = PBXFileReference; fileEncoding = 4; lastKnownFileType = sourcecode.swift; path = RAMRotationAnimation.swift; sourceTree = "<group>"; };
		47737A6C1B2973E500F56C65 /* RAMTransitionItemAnimation.swift */ = {isa = PBXFileReference; fileEncoding = 4; lastKnownFileType = sourcecode.swift; path = RAMTransitionItemAnimation.swift; sourceTree = "<group>"; };
		47737A6D1B2973E500F56C65 /* RAMAnimatedTabBarController.swift */ = {isa = PBXFileReference; fileEncoding = 4; lastKnownFileType = sourcecode.swift; path = RAMAnimatedTabBarController.swift; sourceTree = "<group>"; };
		47737A6E1B2973E500F56C65 /* RAMItemAnimationProtocol.swift */ = {isa = PBXFileReference; fileEncoding = 4; lastKnownFileType = sourcecode.swift; path = RAMItemAnimationProtocol.swift; sourceTree = "<group>"; };
		47737A761B29740700F56C65 /* TopViewController.swift */ = {isa = PBXFileReference; fileEncoding = 4; lastKnownFileType = sourcecode.swift; path = TopViewController.swift; sourceTree = "<group>"; };
		47737A781B29741800F56C65 /* VacantSeatViewController.swift */ = {isa = PBXFileReference; fileEncoding = 4; lastKnownFileType = sourcecode.swift; path = VacantSeatViewController.swift; sourceTree = "<group>"; };
		47737A7A1B29743400F56C65 /* CouponViewController.swift */ = {isa = PBXFileReference; fileEncoding = 4; lastKnownFileType = sourcecode.swift; path = CouponViewController.swift; sourceTree = "<group>"; };
		47737A7C1B29747800F56C65 /* OriginalNavigationController.swift */ = {isa = PBXFileReference; fileEncoding = 4; lastKnownFileType = sourcecode.swift; path = OriginalNavigationController.swift; sourceTree = "<group>"; };
		47737A7E1B29822700F56C65 /* Bolts.framework */ = {isa = PBXFileReference; lastKnownFileType = wrapper.framework; path = Bolts.framework; sourceTree = "<group>"; };
		47737A7F1B29822700F56C65 /* Parse.framework */ = {isa = PBXFileReference; lastKnownFileType = wrapper.framework; path = Parse.framework; sourceTree = "<group>"; };
		47737A801B29822700F56C65 /* ParseUI.framework */ = {isa = PBXFileReference; lastKnownFileType = wrapper.framework; path = ParseUI.framework; sourceTree = "<group>"; };
		47737A841B29825000F56C65 /* AudioToolbox.framework */ = {isa = PBXFileReference; lastKnownFileType = wrapper.framework; name = AudioToolbox.framework; path = System/Library/Frameworks/AudioToolbox.framework; sourceTree = SDKROOT; };
		47737A861B29825800F56C65 /* CFNetwork.framework */ = {isa = PBXFileReference; lastKnownFileType = wrapper.framework; name = CFNetwork.framework; path = System/Library/Frameworks/CFNetwork.framework; sourceTree = SDKROOT; };
		47737A881B29825F00F56C65 /* CoreGraphics.framework */ = {isa = PBXFileReference; lastKnownFileType = wrapper.framework; name = CoreGraphics.framework; path = System/Library/Frameworks/CoreGraphics.framework; sourceTree = SDKROOT; };
		47737A8A1B29826500F56C65 /* CoreLocation.framework */ = {isa = PBXFileReference; lastKnownFileType = wrapper.framework; name = CoreLocation.framework; path = System/Library/Frameworks/CoreLocation.framework; sourceTree = SDKROOT; };
		47737A8C1B29826E00F56C65 /* MobileCoreServices.framework */ = {isa = PBXFileReference; lastKnownFileType = wrapper.framework; name = MobileCoreServices.framework; path = System/Library/Frameworks/MobileCoreServices.framework; sourceTree = SDKROOT; };
		47737A8E1B29827500F56C65 /* QuartzCore.framework */ = {isa = PBXFileReference; lastKnownFileType = wrapper.framework; name = QuartzCore.framework; path = System/Library/Frameworks/QuartzCore.framework; sourceTree = SDKROOT; };
		47737A901B29827D00F56C65 /* Security.framework */ = {isa = PBXFileReference; lastKnownFileType = wrapper.framework; name = Security.framework; path = System/Library/Frameworks/Security.framework; sourceTree = SDKROOT; };
		47737A921B29828500F56C65 /* StoreKit.framework */ = {isa = PBXFileReference; lastKnownFileType = wrapper.framework; name = StoreKit.framework; path = System/Library/Frameworks/StoreKit.framework; sourceTree = SDKROOT; };
		47737A941B29828C00F56C65 /* SystemConfiguration.framework */ = {isa = PBXFileReference; lastKnownFileType = wrapper.framework; name = SystemConfiguration.framework; path = System/Library/Frameworks/SystemConfiguration.framework; sourceTree = SDKROOT; };
		47737A961B29829300F56C65 /* libz.dylib */ = {isa = PBXFileReference; lastKnownFileType = "compiled.mach-o.dylib"; name = libz.dylib; path = usr/lib/libz.dylib; sourceTree = SDKROOT; };
		47737A981B29829E00F56C65 /* libsqlite3.dylib */ = {isa = PBXFileReference; lastKnownFileType = "compiled.mach-o.dylib"; name = libsqlite3.dylib; path = usr/lib/libsqlite3.dylib; sourceTree = SDKROOT; };
		47737A9A1B2982A600F56C65 /* Accounts.framework */ = {isa = PBXFileReference; lastKnownFileType = wrapper.framework; name = Accounts.framework; path = System/Library/Frameworks/Accounts.framework; sourceTree = SDKROOT; };
		47737A9C1B2982AD00F56C65 /* Social.framework */ = {isa = PBXFileReference; lastKnownFileType = wrapper.framework; name = Social.framework; path = System/Library/Frameworks/Social.framework; sourceTree = SDKROOT; };
		477576C21B3551F8007FB26F /* Images.xcassets */ = {isa = PBXFileReference; lastKnownFileType = folder.assetcatalog; path = Images.xcassets; sourceTree = "<group>"; };
		4787C1D01B2EE0AE00F8A9B1 /* tabicon_white_coupon@2x.png */ = {isa = PBXFileReference; lastKnownFileType = image.png; path = "tabicon_white_coupon@2x.png"; sourceTree = "<group>"; };
		4787C1D11B2EE0AE00F8A9B1 /* tabicon_white_coupon@3x.png */ = {isa = PBXFileReference; lastKnownFileType = image.png; path = "tabicon_white_coupon@3x.png"; sourceTree = "<group>"; };
		4787C1D41B2EE0B700F8A9B1 /* tabicon_white_seats@2x.png */ = {isa = PBXFileReference; lastKnownFileType = image.png; path = "tabicon_white_seats@2x.png"; sourceTree = "<group>"; };
		4787C1D51B2EE0B700F8A9B1 /* tabicon_white_seats@3x.png */ = {isa = PBXFileReference; lastKnownFileType = image.png; path = "tabicon_white_seats@3x.png"; sourceTree = "<group>"; };
		4787C1D81B2EE0C100F8A9B1 /* tabicon_white_top@2x.png */ = {isa = PBXFileReference; lastKnownFileType = image.png; path = "tabicon_white_top@2x.png"; sourceTree = "<group>"; };
		4787C1D91B2EE0C100F8A9B1 /* tabicon_white_top@3x.png */ = {isa = PBXFileReference; lastKnownFileType = image.png; path = "tabicon_white_top@3x.png"; sourceTree = "<group>"; };
		4787C1DC1B2EFBC200F8A9B1 /* TopEditViewController.swift */ = {isa = PBXFileReference; fileEncoding = 4; lastKnownFileType = sourcecode.swift; path = TopEditViewController.swift; sourceTree = "<group>"; };
		4787C1DE1B2EFBD400F8A9B1 /* SeatsEditViewController.swift */ = {isa = PBXFileReference; fileEncoding = 4; lastKnownFileType = sourcecode.swift; name = SeatsEditViewController.swift; path = RAMAnimatedTabBarController/SeatsEditViewController.swift; sourceTree = "<group>"; };
		4787C1E01B2F095B00F8A9B1 /* InfoTableViewCell.swift */ = {isa = PBXFileReference; fileEncoding = 4; lastKnownFileType = sourcecode.swift; name = InfoTableViewCell.swift; path = RAMAnimatedTabBarController/InfoTableViewCell.swift; sourceTree = "<group>"; };
		4787C1E21B2F14C600F8A9B1 /* DetaiViewController.swift */ = {isa = PBXFileReference; fileEncoding = 4; lastKnownFileType = sourcecode.swift; path = DetaiViewController.swift; sourceTree = "<group>"; };
		47D8749B1B35C310002B1D24 /* admin_bg@2x.png */ = {isa = PBXFileReference; lastKnownFileType = image.png; path = "admin_bg@2x.png"; sourceTree = "<group>"; };
		47D8749C1B35C310002B1D24 /* admin_bg@3x.png */ = {isa = PBXFileReference; lastKnownFileType = image.png; path = "admin_bg@3x.png"; sourceTree = "<group>"; };
		47D8749F1B35C3F7002B1D24 /* navicon_white_top@2x.png */ = {isa = PBXFileReference; lastKnownFileType = image.png; path = "navicon_white_top@2x.png"; sourceTree = "<group>"; };
		47D874A01B35C3F7002B1D24 /* navicon_white_top@3x.png */ = {isa = PBXFileReference; lastKnownFileType = image.png; path = "navicon_white_top@3x.png"; sourceTree = "<group>"; };
		47D874A31B35C400002B1D24 /* navicon_white_seats@2x.png */ = {isa = PBXFileReference; lastKnownFileType = image.png; path = "navicon_white_seats@2x.png"; sourceTree = "<group>"; };
		47D874A41B35C400002B1D24 /* navicon_white_seats@3x.png */ = {isa = PBXFileReference; lastKnownFileType = image.png; path = "navicon_white_seats@3x.png"; sourceTree = "<group>"; };
		47D874A71B35C40D002B1D24 /* navicon_white_reload@2x.png */ = {isa = PBXFileReference; lastKnownFileType = image.png; path = "navicon_white_reload@2x.png"; sourceTree = "<group>"; };
		47D874A81B35C40D002B1D24 /* navicon_white_reload@3x.png */ = {isa = PBXFileReference; lastKnownFileType = image.png; path = "navicon_white_reload@3x.png"; sourceTree = "<group>"; };
		47D874AB1B35C41B002B1D24 /* navicon_white_logo@2x.png */ = {isa = PBXFileReference; lastKnownFileType = image.png; path = "navicon_white_logo@2x.png"; sourceTree = "<group>"; };
		47D874AC1B35C41B002B1D24 /* navicon_white_logo@3x.png */ = {isa = PBXFileReference; lastKnownFileType = image.png; path = "navicon_white_logo@3x.png"; sourceTree = "<group>"; };
		47D874AF1B35C444002B1D24 /* navicon_white_coupon@2x.png */ = {isa = PBXFileReference; lastKnownFileType = image.png; path = "navicon_white_coupon@2x.png"; sourceTree = "<group>"; };
		47D874B01B35C444002B1D24 /* navicon_white_coupon@3x.png */ = {isa = PBXFileReference; lastKnownFileType = image.png; path = "navicon_white_coupon@3x.png"; sourceTree = "<group>"; };
		47D874B31B35C476002B1D24 /* top_information2@2x.png */ = {isa = PBXFileReference; lastKnownFileType = image.png; path = "top_information2@2x.png"; sourceTree = "<group>"; };
		47D874B41B35C476002B1D24 /* top_information2@3x.png */ = {isa = PBXFileReference; lastKnownFileType = image.png; path = "top_information2@3x.png"; sourceTree = "<group>"; };
		47D874B71B35CD84002B1D24 /* top_information3@2x.png */ = {isa = PBXFileReference; lastKnownFileType = image.png; path = "top_information3@2x.png"; sourceTree = "<group>"; };
		47D874B81B35CD84002B1D24 /* top_information3@3x.png */ = {isa = PBXFileReference; lastKnownFileType = image.png; path = "top_information3@3x.png"; sourceTree = "<group>"; };
		47FC68E11B3E9F590011737B /* CouponTableViewController.swift */ = {isa = PBXFileReference; fileEncoding = 4; lastKnownFileType = sourcecode.swift; path = CouponTableViewController.swift; sourceTree = "<group>"; };
		47FC68E21B3E9F590011737B /* CouponTableViewController.xib */ = {isa = PBXFileReference; fileEncoding = 4; lastKnownFileType = file.xib; path = CouponTableViewController.xib; sourceTree = "<group>"; };
/* End PBXFileReference section */

/* Begin PBXFrameworksBuildPhase section */
		47737A371B2973D300F56C65 /* Frameworks */ = {
			isa = PBXFrameworksBuildPhase;
			buildActionMask = 2147483647;
			files = (
				47737A9D1B2982AD00F56C65 /* Social.framework in Frameworks */,
				47737A9B1B2982A600F56C65 /* Accounts.framework in Frameworks */,
				47737A991B29829E00F56C65 /* libsqlite3.dylib in Frameworks */,
				47737A971B29829300F56C65 /* libz.dylib in Frameworks */,
				47737A951B29828C00F56C65 /* SystemConfiguration.framework in Frameworks */,
				47737A931B29828500F56C65 /* StoreKit.framework in Frameworks */,
				47737A911B29827D00F56C65 /* Security.framework in Frameworks */,
				47737A8F1B29827500F56C65 /* QuartzCore.framework in Frameworks */,
				47737A8D1B29826E00F56C65 /* MobileCoreServices.framework in Frameworks */,
				47737A8B1B29826600F56C65 /* CoreLocation.framework in Frameworks */,
				47737A891B29825F00F56C65 /* CoreGraphics.framework in Frameworks */,
				47737A871B29825800F56C65 /* CFNetwork.framework in Frameworks */,
				47737A851B29825000F56C65 /* AudioToolbox.framework in Frameworks */,
				47737A831B29822700F56C65 /* ParseUI.framework in Frameworks */,
				47737A821B29822700F56C65 /* Parse.framework in Frameworks */,
				47737A811B29822700F56C65 /* Bolts.framework in Frameworks */,
			);
			runOnlyForDeploymentPostprocessing = 0;
		};
		47737A4E1B2973D300F56C65 /* Frameworks */ = {
			isa = PBXFrameworksBuildPhase;
			buildActionMask = 2147483647;
			files = (
			);
			runOnlyForDeploymentPostprocessing = 0;
		};
/* End PBXFrameworksBuildPhase section */

/* Begin PBXGroup section */
		47737A311B2973D300F56C65 = {
			isa = PBXGroup;
			children = (
				47737A9E1B2983BC00F56C65 /* Frameworks */,
				47737A3C1B2973D300F56C65 /* notteApp */,
				47737A541B2973D300F56C65 /* notteAppTests */,
				47737A3B1B2973D300F56C65 /* Products */,
			);
			sourceTree = "<group>";
		};
		47737A3B1B2973D300F56C65 /* Products */ = {
			isa = PBXGroup;
			children = (
				47737A3A1B2973D300F56C65 /* notteApp.app */,
				47737A511B2973D300F56C65 /* notteAppTests.xctest */,
			);
			name = Products;
			sourceTree = "<group>";
		};
		47737A3C1B2973D300F56C65 /* notteApp */ = {
			isa = PBXGroup;
			children = (
				47737A451B2973D300F56C65 /* Main.storyboard */,
				47737A4A1B2973D300F56C65 /* LaunchScreen.xib */,
				47737A611B2973E500F56C65 /* RAMAnimatedTabBarController */,
				47737A3F1B2973D300F56C65 /* AppDelegate.swift */,
				47737A761B29740700F56C65 /* TopViewController.swift */,
				4787C1DC1B2EFBC200F8A9B1 /* TopEditViewController.swift */,
				4787C1E01B2F095B00F8A9B1 /* InfoTableViewCell.swift */,
				4787C1E21B2F14C600F8A9B1 /* DetaiViewController.swift */,
				47737A781B29741800F56C65 /* VacantSeatViewController.swift */,
				4787C1DE1B2EFBD400F8A9B1 /* SeatsEditViewController.swift */,
				47737A7A1B29743400F56C65 /* CouponViewController.swift */,
				47619A831B3D6C2C009F32B1 /* CouponEditViewController.swift */,
				470B31CA1B32CCD50079E9C1 /* CouponTableViewCell.swift */,
				470B31CB1B32CCD60079E9C1 /* CouponTableViewCell.xib */,
				47737A7C1B29747800F56C65 /* OriginalNavigationController.swift */,
				47FC68E11B3E9F590011737B /* CouponTableViewController.swift */,
				47FC68E21B3E9F590011737B /* CouponTableViewController.xib */,
				477576C21B3551F8007FB26F /* Images.xcassets */,
				47737A3D1B2973D300F56C65 /* Supporting Files */,
			);
			path = notteApp;
			sourceTree = "<group>";
		};
		47737A3D1B2973D300F56C65 /* Supporting Files */ = {
			isa = PBXGroup;
			children = (
				47D874AB1B35C41B002B1D24 /* navicon_white_logo@2x.png */,
				474C239A1B36AB8900D8628F /* seats_table_guest@2x.png */,
				474C239B1B36AB8900D8628F /* seats_table_vacant@2x.png */,
				47061C051B3957E700714EC3 /* seats_counter@2x.png */,
				47061C061B3957E700714EC3 /* seats_counter@3x.png */,
				47061BF91B393D7100714EC3 /* seats_counter_guest@2x.png */,
				47061BFA1B393D7100714EC3 /* seats_counter_vacant@2x.png */,
				47061BFB1B393D7100714EC3 /* seats_sofa_guest@2x.png */,
				47061BFC1B393D7100714EC3 /* seats_sofa_vacant@2x.png */,
				47D874B71B35CD84002B1D24 /* top_information3@2x.png */,
				47D874B81B35CD84002B1D24 /* top_information3@3x.png */,
				47061C091B39582A00714EC3 /* seats_bg@2x.png */,
				47061C0A1B39582A00714EC3 /* seats_bg@3x.png */,
				47D874AC1B35C41B002B1D24 /* navicon_white_logo@3x.png */,
				470B31C41B32AAA30079E9C1 /* top_information@2x.png */,
				47D874B31B35C476002B1D24 /* top_information2@2x.png */,
				47D874B41B35C476002B1D24 /* top_information2@3x.png */,
				47D8749F1B35C3F7002B1D24 /* navicon_white_top@2x.png */,
				47D874A01B35C3F7002B1D24 /* navicon_white_top@3x.png */,
				47D874AF1B35C444002B1D24 /* navicon_white_coupon@2x.png */,
				474C23921B36A01B00D8628F /* top_bg2@2x.png */,
				474C23931B36A01B00D8628F /* top_bg2@3x.png */,
				47D874B01B35C444002B1D24 /* navicon_white_coupon@3x.png */,
				47D874A31B35C400002B1D24 /* navicon_white_seats@2x.png */,
				47D874A71B35C40D002B1D24 /* navicon_white_reload@2x.png */,
				47D874A81B35C40D002B1D24 /* navicon_white_reload@3x.png */,
				47D874A41B35C400002B1D24 /* navicon_white_seats@3x.png */,
				470B31C51B32AAA30079E9C1 /* top_information@3x.png */,
				474C238E1B369FEA00D8628F /* splash_bg@2x.png */,
				474C238F1B369FEA00D8628F /* splash_bg@3x.png */,
				47D8749B1B35C310002B1D24 /* admin_bg@2x.png */,
				47D8749C1B35C310002B1D24 /* admin_bg@3x.png */,
				47737A3E1B2973D300F56C65 /* Info.plist */,
				470B31C81B32B0CA0079E9C1 /* top-kari.png */,
				4787C1D81B2EE0C100F8A9B1 /* tabicon_white_top@2x.png */,
				4787C1D91B2EE0C100F8A9B1 /* tabicon_white_top@3x.png */,
				4787C1D41B2EE0B700F8A9B1 /* tabicon_white_seats@2x.png */,
				4787C1D51B2EE0B700F8A9B1 /* tabicon_white_seats@3x.png */,
				4787C1D01B2EE0AE00F8A9B1 /* tabicon_white_coupon@2x.png */,
				4787C1D11B2EE0AE00F8A9B1 /* tabicon_white_coupon@3x.png */,
			);
			name = "Supporting Files";
			sourceTree = "<group>";
		};
		47737A541B2973D300F56C65 /* notteAppTests */ = {
			isa = PBXGroup;
			children = (
				47737A571B2973D300F56C65 /* notteAppTests.swift */,
				47737A551B2973D300F56C65 /* Supporting Files */,
			);
			path = notteAppTests;
			sourceTree = "<group>";
		};
		47737A551B2973D300F56C65 /* Supporting Files */ = {
			isa = PBXGroup;
			children = (
				47737A561B2973D300F56C65 /* Info.plist */,
			);
			name = "Supporting Files";
			sourceTree = "<group>";
		};
		47737A611B2973E500F56C65 /* RAMAnimatedTabBarController */ = {
			isa = PBXGroup;
			children = (
				47737A621B2973E500F56C65 /* Animations */,
				47737A6D1B2973E500F56C65 /* RAMAnimatedTabBarController.swift */,
				47737A6E1B2973E500F56C65 /* RAMItemAnimationProtocol.swift */,
			);
			path = RAMAnimatedTabBarController;
			sourceTree = "<group>";
		};
		47737A621B2973E500F56C65 /* Animations */ = {
			isa = PBXGroup;
			children = (
				47737A631B2973E500F56C65 /* BounceAnimation */,
				47737A651B2973E500F56C65 /* FrameAnimation */,
				47737A671B2973E500F56C65 /* FumeAnimation */,
				47737A691B2973E500F56C65 /* RotationAnimation */,
				47737A6B1B2973E500F56C65 /* TransitionAniamtions */,
			);
			path = Animations;
			sourceTree = "<group>";
		};
		47737A631B2973E500F56C65 /* BounceAnimation */ = {
			isa = PBXGroup;
			children = (
				47737A641B2973E500F56C65 /* RAMBounceAnimation.swift */,
			);
			path = BounceAnimation;
			sourceTree = "<group>";
		};
		47737A651B2973E500F56C65 /* FrameAnimation */ = {
			isa = PBXGroup;
			children = (
				47737A661B2973E500F56C65 /* RAMFrameItemAnimation.swift */,
			);
			path = FrameAnimation;
			sourceTree = "<group>";
		};
		47737A671B2973E500F56C65 /* FumeAnimation */ = {
			isa = PBXGroup;
			children = (
				47737A681B2973E500F56C65 /* RAMFumeAnimation.swift */,
			);
			path = FumeAnimation;
			sourceTree = "<group>";
		};
		47737A691B2973E500F56C65 /* RotationAnimation */ = {
			isa = PBXGroup;
			children = (
				47737A6A1B2973E500F56C65 /* RAMRotationAnimation.swift */,
			);
			path = RotationAnimation;
			sourceTree = "<group>";
		};
		47737A6B1B2973E500F56C65 /* TransitionAniamtions */ = {
			isa = PBXGroup;
			children = (
				47737A6C1B2973E500F56C65 /* RAMTransitionItemAnimation.swift */,
			);
			path = TransitionAniamtions;
			sourceTree = "<group>";
		};
		47737A9E1B2983BC00F56C65 /* Frameworks */ = {
			isa = PBXGroup;
			children = (
				47737A9C1B2982AD00F56C65 /* Social.framework */,
				47737A9A1B2982A600F56C65 /* Accounts.framework */,
				47737A981B29829E00F56C65 /* libsqlite3.dylib */,
				47737A961B29829300F56C65 /* libz.dylib */,
				47737A941B29828C00F56C65 /* SystemConfiguration.framework */,
				47737A921B29828500F56C65 /* StoreKit.framework */,
				47737A901B29827D00F56C65 /* Security.framework */,
				47737A8E1B29827500F56C65 /* QuartzCore.framework */,
				47737A8C1B29826E00F56C65 /* MobileCoreServices.framework */,
				47737A8A1B29826500F56C65 /* CoreLocation.framework */,
				47737A881B29825F00F56C65 /* CoreGraphics.framework */,
				47737A861B29825800F56C65 /* CFNetwork.framework */,
				47737A841B29825000F56C65 /* AudioToolbox.framework */,
				47737A7E1B29822700F56C65 /* Bolts.framework */,
				47737A7F1B29822700F56C65 /* Parse.framework */,
				47737A801B29822700F56C65 /* ParseUI.framework */,
			);
			name = Frameworks;
			sourceTree = "<group>";
		};
/* End PBXGroup section */

/* Begin PBXNativeTarget section */
		47737A391B2973D300F56C65 /* notteApp */ = {
			isa = PBXNativeTarget;
			buildConfigurationList = 47737A5B1B2973D300F56C65 /* Build configuration list for PBXNativeTarget "notteApp" */;
			buildPhases = (
				47737A361B2973D300F56C65 /* Sources */,
				47737A371B2973D300F56C65 /* Frameworks */,
				47737A381B2973D300F56C65 /* Resources */,
			);
			buildRules = (
			);
			dependencies = (
			);
			name = notteApp;
			productName = notteApp;
			productReference = 47737A3A1B2973D300F56C65 /* notteApp.app */;
			productType = "com.apple.product-type.application";
		};
		47737A501B2973D300F56C65 /* notteAppTests */ = {
			isa = PBXNativeTarget;
			buildConfigurationList = 47737A5E1B2973D300F56C65 /* Build configuration list for PBXNativeTarget "notteAppTests" */;
			buildPhases = (
				47737A4D1B2973D300F56C65 /* Sources */,
				47737A4E1B2973D300F56C65 /* Frameworks */,
				47737A4F1B2973D300F56C65 /* Resources */,
			);
			buildRules = (
			);
			dependencies = (
				47737A531B2973D300F56C65 /* PBXTargetDependency */,
			);
			name = notteAppTests;
			productName = notteAppTests;
			productReference = 47737A511B2973D300F56C65 /* notteAppTests.xctest */;
			productType = "com.apple.product-type.bundle.unit-test";
		};
/* End PBXNativeTarget section */

/* Begin PBXProject section */
		47737A321B2973D300F56C65 /* Project object */ = {
			isa = PBXProject;
			attributes = {
				LastUpgradeCheck = 0630;
				ORGANIZATIONNAME = yohei2323;
				TargetAttributes = {
					47737A391B2973D300F56C65 = {
						CreatedOnToolsVersion = 6.3.1;
					};
					47737A501B2973D300F56C65 = {
						CreatedOnToolsVersion = 6.3.1;
						TestTargetID = 47737A391B2973D300F56C65;
					};
				};
			};
			buildConfigurationList = 47737A351B2973D300F56C65 /* Build configuration list for PBXProject "notteApp" */;
			compatibilityVersion = "Xcode 3.2";
			developmentRegion = English;
			hasScannedForEncodings = 0;
			knownRegions = (
				en,
				Base,
			);
			mainGroup = 47737A311B2973D300F56C65;
			productRefGroup = 47737A3B1B2973D300F56C65 /* Products */;
			projectDirPath = "";
			projectRoot = "";
			targets = (
				47737A391B2973D300F56C65 /* notteApp */,
				47737A501B2973D300F56C65 /* notteAppTests */,
			);
		};
/* End PBXProject section */

/* Begin PBXResourcesBuildPhase section */
		47737A381B2973D300F56C65 /* Resources */ = {
			isa = PBXResourcesBuildPhase;
			buildActionMask = 2147483647;
			files = (
				47061C0B1B39582A00714EC3 /* seats_bg@2x.png in Resources */,
				47061C071B3957E700714EC3 /* seats_counter@2x.png in Resources */,
				47737A471B2973D300F56C65 /* Main.storyboard in Resources */,
				47061BFE1B393D7100714EC3 /* seats_counter_vacant@2x.png in Resources */,
				47061BFD1B393D7100714EC3 /* seats_counter_guest@2x.png in Resources */,
				47737A4C1B2973D300F56C65 /* LaunchScreen.xib in Resources */,
				4787C1DB1B2EE0C100F8A9B1 /* tabicon_white_top@3x.png in Resources */,
				47D874A91B35C40D002B1D24 /* navicon_white_reload@2x.png in Resources */,
				47D874B11B35C444002B1D24 /* navicon_white_coupon@2x.png in Resources */,
				470B31C91B32B0CA0079E9C1 /* top-kari.png in Resources */,
				47D874A11B35C3F7002B1D24 /* navicon_white_top@2x.png in Resources */,
				474C239C1B36AB8900D8628F /* seats_table_guest@2x.png in Resources */,
				47061C081B3957E700714EC3 /* seats_counter@3x.png in Resources */,
				474C239D1B36AB8900D8628F /* seats_table_vacant@2x.png in Resources */,
				470B31C71B32AAA30079E9C1 /* top_information@3x.png in Resources */,
				47D874A51B35C400002B1D24 /* navicon_white_seats@2x.png in Resources */,
				47D874B21B35C444002B1D24 /* navicon_white_coupon@3x.png in Resources */,
				47D874AA1B35C40D002B1D24 /* navicon_white_reload@3x.png in Resources */,
				47D8749D1B35C310002B1D24 /* admin_bg@2x.png in Resources */,
				47D874B51B35C476002B1D24 /* top_information2@2x.png in Resources */,
				47D874AD1B35C41B002B1D24 /* navicon_white_logo@2x.png in Resources */,
				47061BFF1B393D7100714EC3 /* seats_sofa_guest@2x.png in Resources */,
				47D874AE1B35C41B002B1D24 /* navicon_white_logo@3x.png in Resources */,
				4787C1D21B2EE0AE00F8A9B1 /* tabicon_white_coupon@2x.png in Resources */,
				4787C1D71B2EE0B700F8A9B1 /* tabicon_white_seats@3x.png in Resources */,
				47FC68E41B3E9F590011737B /* CouponTableViewController.xib in Resources */,
				47D8749E1B35C310002B1D24 /* admin_bg@3x.png in Resources */,
				4787C1DA1B2EE0C100F8A9B1 /* tabicon_white_top@2x.png in Resources */,
				47D874BA1B35CD84002B1D24 /* top_information3@3x.png in Resources */,
				470B31CD1B32CCD60079E9C1 /* CouponTableViewCell.xib in Resources */,
				4787C1D61B2EE0B700F8A9B1 /* tabicon_white_seats@2x.png in Resources */,
				47D874A21B35C3F7002B1D24 /* navicon_white_top@3x.png in Resources */,
				47D874A61B35C400002B1D24 /* navicon_white_seats@3x.png in Resources */,
				474C23941B36A01B00D8628F /* top_bg2@2x.png in Resources */,
				474C23951B36A01B00D8628F /* top_bg2@3x.png in Resources */,
				4787C1D31B2EE0AE00F8A9B1 /* tabicon_white_coupon@3x.png in Resources */,
				47061C0C1B39582A00714EC3 /* seats_bg@3x.png in Resources */,
				474C23911B369FEA00D8628F /* splash_bg@3x.png in Resources */,
				47D874B61B35C476002B1D24 /* top_information2@3x.png in Resources */,
				477576C31B3551F8007FB26F /* Images.xcassets in Resources */,
				47061C001B393D7100714EC3 /* seats_sofa_vacant@2x.png in Resources */,
				470B31C61B32AAA30079E9C1 /* top_information@2x.png in Resources */,
				474C23901B369FEA00D8628F /* splash_bg@2x.png in Resources */,
				47D874B91B35CD84002B1D24 /* top_information3@2x.png in Resources */,
			);
			runOnlyForDeploymentPostprocessing = 0;
		};
		47737A4F1B2973D300F56C65 /* Resources */ = {
			isa = PBXResourcesBuildPhase;
			buildActionMask = 2147483647;
			files = (
			);
			runOnlyForDeploymentPostprocessing = 0;
		};
/* End PBXResourcesBuildPhase section */

/* Begin PBXSourcesBuildPhase section */
		47737A361B2973D300F56C65 /* Sources */ = {
			isa = PBXSourcesBuildPhase;
			buildActionMask = 2147483647;
			files = (
				47737A741B2973E500F56C65 /* RAMAnimatedTabBarController.swift in Sources */,
				4787C1DF1B2EFBD400F8A9B1 /* SeatsEditViewController.swift in Sources */,
				47737A401B2973D300F56C65 /* AppDelegate.swift in Sources */,
				47737A7D1B29747800F56C65 /* OriginalNavigationController.swift in Sources */,
				47619A841B3D6C2C009F32B1 /* CouponEditViewController.swift in Sources */,
				47737A791B29741800F56C65 /* VacantSeatViewController.swift in Sources */,
				47737A731B2973E500F56C65 /* RAMTransitionItemAnimation.swift in Sources */,
				4787C1E11B2F095B00F8A9B1 /* InfoTableViewCell.swift in Sources */,
				47737A751B2973E500F56C65 /* RAMItemAnimationProtocol.swift in Sources */,
				4787C1DD1B2EFBC200F8A9B1 /* TopEditViewController.swift in Sources */,
				47737A7B1B29743400F56C65 /* CouponViewController.swift in Sources */,
				4787C1E31B2F14C600F8A9B1 /* DetaiViewController.swift in Sources */,
				47737A721B2973E500F56C65 /* RAMRotationAnimation.swift in Sources */,
				47737A701B2973E500F56C65 /* RAMFrameItemAnimation.swift in Sources */,
				47737A771B29740700F56C65 /* TopViewController.swift in Sources */,
				470B31CC1B32CCD60079E9C1 /* CouponTableViewCell.swift in Sources */,
				47737A711B2973E500F56C65 /* RAMFumeAnimation.swift in Sources */,
				47737A6F1B2973E500F56C65 /* RAMBounceAnimation.swift in Sources */,
				47FC68E31B3E9F590011737B /* CouponTableViewController.swift in Sources */,
			);
			runOnlyForDeploymentPostprocessing = 0;
		};
		47737A4D1B2973D300F56C65 /* Sources */ = {
			isa = PBXSourcesBuildPhase;
			buildActionMask = 2147483647;
			files = (
				47737A581B2973D300F56C65 /* notteAppTests.swift in Sources */,
			);
			runOnlyForDeploymentPostprocessing = 0;
		};
/* End PBXSourcesBuildPhase section */

/* Begin PBXTargetDependency section */
		47737A531B2973D300F56C65 /* PBXTargetDependency */ = {
			isa = PBXTargetDependency;
			target = 47737A391B2973D300F56C65 /* notteApp */;
			targetProxy = 47737A521B2973D300F56C65 /* PBXContainerItemProxy */;
		};
/* End PBXTargetDependency section */

/* Begin PBXVariantGroup section */
		47737A451B2973D300F56C65 /* Main.storyboard */ = {
			isa = PBXVariantGroup;
			children = (
				47737A461B2973D300F56C65 /* Base */,
			);
			name = Main.storyboard;
			sourceTree = "<group>";
		};
		47737A4A1B2973D300F56C65 /* LaunchScreen.xib */ = {
			isa = PBXVariantGroup;
			children = (
				47737A4B1B2973D300F56C65 /* Base */,
			);
			name = LaunchScreen.xib;
			sourceTree = "<group>";
		};
/* End PBXVariantGroup section */

/* Begin XCBuildConfiguration section */
		47737A591B2973D300F56C65 /* Debug */ = {
			isa = XCBuildConfiguration;
			buildSettings = {
				ALWAYS_SEARCH_USER_PATHS = NO;
				CLANG_CXX_LANGUAGE_STANDARD = "gnu++0x";
				CLANG_CXX_LIBRARY = "libc++";
				CLANG_ENABLE_MODULES = YES;
				CLANG_ENABLE_OBJC_ARC = YES;
				CLANG_WARN_BOOL_CONVERSION = YES;
				CLANG_WARN_CONSTANT_CONVERSION = YES;
				CLANG_WARN_DIRECT_OBJC_ISA_USAGE = YES_ERROR;
				CLANG_WARN_EMPTY_BODY = YES;
				CLANG_WARN_ENUM_CONVERSION = YES;
				CLANG_WARN_INT_CONVERSION = YES;
				CLANG_WARN_OBJC_ROOT_CLASS = YES_ERROR;
				CLANG_WARN_UNREACHABLE_CODE = YES;
				CLANG_WARN__DUPLICATE_METHOD_MATCH = YES;
				"CODE_SIGN_IDENTITY[sdk=iphoneos*]" = "iPhone Developer";
				COPY_PHASE_STRIP = NO;
				DEBUG_INFORMATION_FORMAT = "dwarf-with-dsym";
				ENABLE_STRICT_OBJC_MSGSEND = YES;
				GCC_C_LANGUAGE_STANDARD = gnu99;
				GCC_DYNAMIC_NO_PIC = NO;
				GCC_NO_COMMON_BLOCKS = YES;
				GCC_OPTIMIZATION_LEVEL = 0;
				GCC_PREPROCESSOR_DEFINITIONS = (
					"DEBUG=1",
					"$(inherited)",
				);
				GCC_SYMBOLS_PRIVATE_EXTERN = NO;
				GCC_WARN_64_TO_32_BIT_CONVERSION = YES;
				GCC_WARN_ABOUT_RETURN_TYPE = YES_ERROR;
				GCC_WARN_UNDECLARED_SELECTOR = YES;
				GCC_WARN_UNINITIALIZED_AUTOS = YES_AGGRESSIVE;
				GCC_WARN_UNUSED_FUNCTION = YES;
				GCC_WARN_UNUSED_VARIABLE = YES;
				IPHONEOS_DEPLOYMENT_TARGET = 8.3;
				MTL_ENABLE_DEBUG_INFO = YES;
				ONLY_ACTIVE_ARCH = YES;
				SDKROOT = iphoneos;
				SWIFT_OPTIMIZATION_LEVEL = "-Onone";
			};
			name = Debug;
		};
		47737A5A1B2973D300F56C65 /* Release */ = {
			isa = XCBuildConfiguration;
			buildSettings = {
				ALWAYS_SEARCH_USER_PATHS = NO;
				CLANG_CXX_LANGUAGE_STANDARD = "gnu++0x";
				CLANG_CXX_LIBRARY = "libc++";
				CLANG_ENABLE_MODULES = YES;
				CLANG_ENABLE_OBJC_ARC = YES;
				CLANG_WARN_BOOL_CONVERSION = YES;
				CLANG_WARN_CONSTANT_CONVERSION = YES;
				CLANG_WARN_DIRECT_OBJC_ISA_USAGE = YES_ERROR;
				CLANG_WARN_EMPTY_BODY = YES;
				CLANG_WARN_ENUM_CONVERSION = YES;
				CLANG_WARN_INT_CONVERSION = YES;
				CLANG_WARN_OBJC_ROOT_CLASS = YES_ERROR;
				CLANG_WARN_UNREACHABLE_CODE = YES;
				CLANG_WARN__DUPLICATE_METHOD_MATCH = YES;
				"CODE_SIGN_IDENTITY[sdk=iphoneos*]" = "iPhone Developer";
				COPY_PHASE_STRIP = NO;
				DEBUG_INFORMATION_FORMAT = "dwarf-with-dsym";
				ENABLE_NS_ASSERTIONS = NO;
				ENABLE_STRICT_OBJC_MSGSEND = YES;
				GCC_C_LANGUAGE_STANDARD = gnu99;
				GCC_NO_COMMON_BLOCKS = YES;
				GCC_WARN_64_TO_32_BIT_CONVERSION = YES;
				GCC_WARN_ABOUT_RETURN_TYPE = YES_ERROR;
				GCC_WARN_UNDECLARED_SELECTOR = YES;
				GCC_WARN_UNINITIALIZED_AUTOS = YES_AGGRESSIVE;
				GCC_WARN_UNUSED_FUNCTION = YES;
				GCC_WARN_UNUSED_VARIABLE = YES;
				IPHONEOS_DEPLOYMENT_TARGET = 8.3;
				MTL_ENABLE_DEBUG_INFO = NO;
				SDKROOT = iphoneos;
				VALIDATE_PRODUCT = YES;
			};
			name = Release;
		};
		47737A5C1B2973D300F56C65 /* Debug */ = {
			isa = XCBuildConfiguration;
			buildSettings = {
				ASSETCATALOG_COMPILER_APPICON_NAME = AppIcon;
				FRAMEWORK_SEARCH_PATHS = (
					"$(inherited)",
					"$(PROJECT_DIR)",
				);
				INFOPLIST_FILE = notteApp/Info.plist;
				LD_RUNPATH_SEARCH_PATHS = "$(inherited) @executable_path/Frameworks";
				PRODUCT_NAME = "$(TARGET_NAME)";
			};
			name = Debug;
		};
		47737A5D1B2973D300F56C65 /* Release */ = {
			isa = XCBuildConfiguration;
			buildSettings = {
				ASSETCATALOG_COMPILER_APPICON_NAME = AppIcon;
				FRAMEWORK_SEARCH_PATHS = (
					"$(inherited)",
					"$(PROJECT_DIR)",
				);
				INFOPLIST_FILE = notteApp/Info.plist;
				LD_RUNPATH_SEARCH_PATHS = "$(inherited) @executable_path/Frameworks";
				PRODUCT_NAME = "$(TARGET_NAME)";
			};
			name = Release;
		};
		47737A5F1B2973D300F56C65 /* Debug */ = {
			isa = XCBuildConfiguration;
			buildSettings = {
				BUNDLE_LOADER = "$(TEST_HOST)";
				FRAMEWORK_SEARCH_PATHS = (
					"$(SDKROOT)/Developer/Library/Frameworks",
					"$(inherited)",
				);
				GCC_PREPROCESSOR_DEFINITIONS = (
					"DEBUG=1",
					"$(inherited)",
				);
				INFOPLIST_FILE = notteAppTests/Info.plist;
				LD_RUNPATH_SEARCH_PATHS = "$(inherited) @executable_path/Frameworks @loader_path/Frameworks";
				PRODUCT_NAME = "$(TARGET_NAME)";
				TEST_HOST = "$(BUILT_PRODUCTS_DIR)/notteApp.app/notteApp";
			};
			name = Debug;
		};
		47737A601B2973D300F56C65 /* Release */ = {
			isa = XCBuildConfiguration;
			buildSettings = {
				BUNDLE_LOADER = "$(TEST_HOST)";
				FRAMEWORK_SEARCH_PATHS = (
					"$(SDKROOT)/Developer/Library/Frameworks",
					"$(inherited)",
				);
				INFOPLIST_FILE = notteAppTests/Info.plist;
				LD_RUNPATH_SEARCH_PATHS = "$(inherited) @executable_path/Frameworks @loader_path/Frameworks";
				PRODUCT_NAME = "$(TARGET_NAME)";
				TEST_HOST = "$(BUILT_PRODUCTS_DIR)/notteApp.app/notteApp";
			};
			name = Release;
		};
/* End XCBuildConfiguration section */

/* Begin XCConfigurationList section */
		47737A351B2973D300F56C65 /* Build configuration list for PBXProject "notteApp" */ = {
			isa = XCConfigurationList;
			buildConfigurations = (
				47737A591B2973D300F56C65 /* Debug */,
				47737A5A1B2973D300F56C65 /* Release */,
			);
			defaultConfigurationIsVisible = 0;
			defaultConfigurationName = Release;
		};
		47737A5B1B2973D300F56C65 /* Build configuration list for PBXNativeTarget "notteApp" */ = {
			isa = XCConfigurationList;
			buildConfigurations = (
				47737A5C1B2973D300F56C65 /* Debug */,
				47737A5D1B2973D300F56C65 /* Release */,
			);
			defaultConfigurationIsVisible = 0;
			defaultConfigurationName = Release;
		};
		47737A5E1B2973D300F56C65 /* Build configuration list for PBXNativeTarget "notteAppTests" */ = {
			isa = XCConfigurationList;
			buildConfigurations = (
				47737A5F1B2973D300F56C65 /* Debug */,
				47737A601B2973D300F56C65 /* Release */,
			);
			defaultConfigurationIsVisible = 0;
			defaultConfigurationName = Release;
		};
/* End XCConfigurationList section */
	};
	rootObject = 47737A321B2973D300F56C65 /* Project object */;
}
